
Microsoft Visual Studio Solution File, Format Version 12.00
# Visual Studio Version 17
VisualStudioVersion = 17.11.35312.102
MinimumVisualStudioVersion = 10.0.40219.1
Project("{FAE04EC0-301F-11D3-BF4B-00C04F79EFBC}") = "WebAlina", "WebAlina\WebAlina.csproj", "{0CFA8A40-F162-491F-A4F8-8A740C1C3187}"
EndProject
Global
	GlobalSection(SolutionConfigurationPlatforms) = preSolution
		Debug|Any CPU = Debug|Any CPU
		Release|Any CPU = Release|Any CPU
	EndGlobalSection
	GlobalSection(ProjectConfigurationPlatforms) = postSolution
		{0CFA8A40-F162-491F-A4F8-8A740C1C3187}.Debug|Any CPU.ActiveCfg = Debug|Any CPU
		{0CFA8A40-F162-491F-A4F8-8A740C1C3187}.Debug|Any CPU.Build.0 = Debug|Any CPU
		{0CFA8A40-F162-491F-A4F8-8A740C1C3187}.Release|Any CPU.ActiveCfg = Release|Any CPU
		{0CFA8A40-F162-491F-A4F8-8A740C1C3187}.Release|Any CPU.Build.0 = Release|Any CPU
	EndGlobalSection
	GlobalSection(SolutionProperties) = preSolution
		HideSolutionNode = FALSE
	EndGlobalSection
	GlobalSection(ExtensibilityGlobals) = postSolution
		SolutionGuid = {1467CEB7-EC82-43BB-A3A8-2FA4795B8294}
	EndGlobalSection
EndGlobal
